
Microsoft Visual Studio Solution File, Format Version 12.00
# Visual Studio Version 17
VisualStudioVersion = 17.11.35327.3
MinimumVisualStudioVersion = 10.0.40219.1
Project("{9A19103F-16F7-4668-BE54-9A1E7A4F7556}") = "AdventOfCode.1", "AdventOfCode.1\AdventOfCode.1.csproj", "{04A478B8-4B86-40F5-804D-84F91C0F4210}"
EndProject
Project("{9A19103F-16F7-4668-BE54-9A1E7A4F7556}") = "AdventOfCode.2", "AdventOfCode.2\AdventOfCode.2.csproj", "{DF777006-894C-4C55-8B5C-AB980C38E3C9}"
EndProject
Project("{FAE04EC0-301F-11D3-BF4B-00C04F79EFBC}") = "AdventOfCode.3", "AdventOfCode.3\AdventOfCode.3.csproj", "{C9F414DE-AF06-4503-829E-CC695FED5DB5}"
EndProject
Global
	GlobalSection(SolutionConfigurationPlatforms) = preSolution
		Debug|Any CPU = Debug|Any CPU
		Release|Any CPU = Release|Any CPU
	EndGlobalSection
	GlobalSection(ProjectConfigurationPlatforms) = postSolution
		{04A478B8-4B86-40F5-804D-84F91C0F4210}.Debug|Any CPU.ActiveCfg = Debug|Any CPU
		{04A478B8-4B86-40F5-804D-84F91C0F4210}.Debug|Any CPU.Build.0 = Debug|Any CPU
		{04A478B8-4B86-40F5-804D-84F91C0F4210}.Release|Any CPU.ActiveCfg = Release|Any CPU
		{04A478B8-4B86-40F5-804D-84F91C0F4210}.Release|Any CPU.Build.0 = Release|Any CPU
		{DF777006-894C-4C55-8B5C-AB980C38E3C9}.Debug|Any CPU.ActiveCfg = Debug|Any CPU
		{DF777006-894C-4C55-8B5C-AB980C38E3C9}.Debug|Any CPU.Build.0 = Debug|Any CPU
		{DF777006-894C-4C55-8B5C-AB980C38E3C9}.Release|Any CPU.ActiveCfg = Release|Any CPU
		{DF777006-894C-4C55-8B5C-AB980C38E3C9}.Release|Any CPU.Build.0 = Release|Any CPU
		{C9F414DE-AF06-4503-829E-CC695FED5DB5}.Debug|Any CPU.ActiveCfg = Debug|Any CPU
		{C9F414DE-AF06-4503-829E-CC695FED5DB5}.Debug|Any CPU.Build.0 = Debug|Any CPU
		{C9F414DE-AF06-4503-829E-CC695FED5DB5}.Release|Any CPU.ActiveCfg = Release|Any CPU
		{C9F414DE-AF06-4503-829E-CC695FED5DB5}.Release|Any CPU.Build.0 = Release|Any CPU
	EndGlobalSection
	GlobalSection(SolutionProperties) = preSolution
		HideSolutionNode = FALSE
	EndGlobalSection
	GlobalSection(ExtensibilityGlobals) = postSolution
		SolutionGuid = {84F06524-18B2-4785-AD32-94534C437C11}
	EndGlobalSection
EndGlobal
